
Microsoft Visual Studio Solution File, Format Version 12.00
# Visual Studio Version 17
VisualStudioVersion = 17.2.32616.157
MinimumVisualStudioVersion = 10.0.40219.1
Project("{9A19103F-16F7-4668-BE54-9A1E7A4F7556}") = "LivroApi", "LivroApi.csproj", "{D69ACECD-7166-43E7-86DF-06F050EE24B9}"
EndProject
Global
	GlobalSection(SolutionConfigurationPlatforms) = preSolution
		Debug|Any CPU = Debug|Any CPU
		Release|Any CPU = Release|Any CPU
	EndGlobalSection
	GlobalSection(ProjectConfigurationPlatforms) = postSolution
		{D69ACECD-7166-43E7-86DF-06F050EE24B9}.Debug|Any CPU.ActiveCfg = Debug|Any CPU
		{D69ACECD-7166-43E7-86DF-06F050EE24B9}.Debug|Any CPU.Build.0 = Debug|Any CPU
		{D69ACECD-7166-43E7-86DF-06F050EE24B9}.Release|Any CPU.ActiveCfg = Release|Any CPU
		{D69ACECD-7166-43E7-86DF-06F050EE24B9}.Release|Any CPU.Build.0 = Release|Any CPU
	EndGlobalSection
	GlobalSection(SolutionProperties) = preSolution
		HideSolutionNode = FALSE
	EndGlobalSection
	GlobalSection(ExtensibilityGlobals) = postSolution
		SolutionGuid = {74F71796-E72D-449D-BD14-C5D02D90C934}
	EndGlobalSection
EndGlobal
